// !$*UTF8*$!
{
	archiveVersion = 1;
	classes = {
	};
	objectVersion = 51;
	objects = {

/* Begin PBXBuildFile section */
		2C69367453A6E23F7F1E2482 /* Pods_JogTrackerApp.framework in Frameworks */ = {isa = PBXBuildFile; fileRef = 94E34A3860D0D48287058839 /* Pods_JogTrackerApp.framework */; };
		3D03AA292381468C007F8BBD /* Response.swift in Sources */ = {isa = PBXBuildFile; fileRef = 3D03AA282381468C007F8BBD /* Response.swift */; };
		3D03AA2B238172DD007F8BBD /* JogsClient.swift in Sources */ = {isa = PBXBuildFile; fileRef = 3D03AA2A238172DD007F8BBD /* JogsClient.swift */; };
		3D03AA2D23817D7B007F8BBD /* Jog.swift in Sources */ = {isa = PBXBuildFile; fileRef = 3D03AA2C23817D7B007F8BBD /* Jog.swift */; };
		3D03AA302381822C007F8BBD /* JogTableViewCell.swift in Sources */ = {isa = PBXBuildFile; fileRef = 3D03AA2E2381822C007F8BBD /* JogTableViewCell.swift */; };
		3D03AA312381822C007F8BBD /* JogTableViewCell.xib in Resources */ = {isa = PBXBuildFile; fileRef = 3D03AA2F2381822C007F8BBD /* JogTableViewCell.xib */; };
		3D03AA3723819932007F8BBD /* EmptyJogsListView.swift in Sources */ = {isa = PBXBuildFile; fileRef = 3D03AA3623819932007F8BBD /* EmptyJogsListView.swift */; };
		3D87CDCC238061E4006980B9 /* CustomNavigationBar.swift in Sources */ = {isa = PBXBuildFile; fileRef = 3D87CDCB238061E4006980B9 /* CustomNavigationBar.swift */; };
		3D87CDCE238084FB006980B9 /* CustomButton.swift in Sources */ = {isa = PBXBuildFile; fileRef = 3D87CDCD238084FB006980B9 /* CustomButton.swift */; };
		3D87CDD023808C4C006980B9 /* AuthorizationView.swift in Sources */ = {isa = PBXBuildFile; fileRef = 3D87CDCF23808C4C006980B9 /* AuthorizationView.swift */; };
		3D90BA21237DB2E60076EACC /* AppDelegate.swift in Sources */ = {isa = PBXBuildFile; fileRef = 3D90BA20237DB2E60076EACC /* AppDelegate.swift */; };
		3D90BA28237DB2E90076EACC /* Assets.xcassets in Resources */ = {isa = PBXBuildFile; fileRef = 3D90BA27237DB2E90076EACC /* Assets.xcassets */; };
		3D90BA2B237DB2E90076EACC /* LaunchScreen.storyboard in Resources */ = {isa = PBXBuildFile; fileRef = 3D90BA29237DB2E90076EACC /* LaunchScreen.storyboard */; };
		3D90BA39237DB5B60076EACC /* UIFont+Extensions.swift in Sources */ = {isa = PBXBuildFile; fileRef = 3D90BA33237DB5B60076EACC /* UIFont+Extensions.swift */; };
		3D90BA3A237DB5B60076EACC /* UIColor+Extensions.swift in Sources */ = {isa = PBXBuildFile; fileRef = 3D90BA34237DB5B60076EACC /* UIColor+Extensions.swift */; };
		3D90BA3B237DB5B60076EACC /* Encodable+Extensions.swift in Sources */ = {isa = PBXBuildFile; fileRef = 3D90BA35237DB5B60076EACC /* Encodable+Extensions.swift */; };
		3D90BA3C237DB5B60076EACC /* UITableViewCell+Extension.swift in Sources */ = {isa = PBXBuildFile; fileRef = 3D90BA36237DB5B60076EACC /* UITableViewCell+Extension.swift */; };
		3D90BA3D237DB5B60076EACC /* DeviceType.swift in Sources */ = {isa = PBXBuildFile; fileRef = 3D90BA37237DB5B60076EACC /* DeviceType.swift */; };
		3D90BA3E237DB5B60076EACC /* KeyboardListener.swift in Sources */ = {isa = PBXBuildFile; fileRef = 3D90BA38237DB5B60076EACC /* KeyboardListener.swift */; };
		3D90BA4B237DB6280076EACC /* UserAccountManager.swift in Sources */ = {isa = PBXBuildFile; fileRef = 3D90BA49237DB6280076EACC /* UserAccountManager.swift */; };
		3D90BA54237DB6320076EACC /* JogsApi.swift in Sources */ = {isa = PBXBuildFile; fileRef = 3D90BA4E237DB6320076EACC /* JogsApi.swift */; };
		3D90BA55237DB6320076EACC /* JogsBaseApi.swift in Sources */ = {isa = PBXBuildFile; fileRef = 3D90BA4F237DB6320076EACC /* JogsBaseApi.swift */; };
		3D90BA56237DB6320076EACC /* NetworkClient.swift in Sources */ = {isa = PBXBuildFile; fileRef = 3D90BA51237DB6320076EACC /* NetworkClient.swift */; };
		3D90BA57237DB6320076EACC /* AuthorizationClient.swift in Sources */ = {isa = PBXBuildFile; fileRef = 3D90BA52237DB6320076EACC /* AuthorizationClient.swift */; };
		3D90BA58237DB6320076EACC /* NetworkClientsFactory.swift in Sources */ = {isa = PBXBuildFile; fileRef = 3D90BA53237DB6320076EACC /* NetworkClientsFactory.swift */; };
		3D90BA62237DB6400076EACC /* JogsViewModel.swift in Sources */ = {isa = PBXBuildFile; fileRef = 3D90BA5B237DB6400076EACC /* JogsViewModel.swift */; };
		3D90BA71237DCCF90076EACC /* UserResponse.swift in Sources */ = {isa = PBXBuildFile; fileRef = 3D90BA70237DCCF80076EACC /* UserResponse.swift */; };
		3D90BA73237DDA140076EACC /* MainViewController.swift in Sources */ = {isa = PBXBuildFile; fileRef = 3D90BA72237DDA140076EACC /* MainViewController.swift */; };
		3D90BA79237DEECB0076EACC /* MenuViewController.swift in Sources */ = {isa = PBXBuildFile; fileRef = 3D90BA78237DEECB0076EACC /* MenuViewController.swift */; };
		3D90BA80237F2AE60076EACC /* MenuTableViewCell.swift in Sources */ = {isa = PBXBuildFile; fileRef = 3D90BA7E237F2AE60076EACC /* MenuTableViewCell.swift */; };
		3D90BA81237F2AE60076EACC /* MenuTableViewCell.xib in Resources */ = {isa = PBXBuildFile; fileRef = 3D90BA7F237F2AE60076EACC /* MenuTableViewCell.xib */; };
		3D90BA90237F41B90076EACC /* JogsViewController.swift in Sources */ = {isa = PBXBuildFile; fileRef = 3D90BA8F237F41B90076EACC /* JogsViewController.swift */; };
		3D90BA92237F46B70076EACC /* UIViewController+Extensions.swift in Sources */ = {isa = PBXBuildFile; fileRef = 3D90BA91237F46B70076EACC /* UIViewController+Extensions.swift */; };
		3D90BA94237F4B580076EACC /* InfoViewController.swift in Sources */ = {isa = PBXBuildFile; fileRef = 3D90BA93237F4B580076EACC /* InfoViewController.swift */; };
/* End PBXBuildFile section */

/* Begin PBXFileReference section */
		039E885E19A950517DE6A41F /* Pods-JogTrackerApp.release.xcconfig */ = {isa = PBXFileReference; includeInIndex = 1; lastKnownFileType = text.xcconfig; name = "Pods-JogTrackerApp.release.xcconfig"; path = "Target Support Files/Pods-JogTrackerApp/Pods-JogTrackerApp.release.xcconfig"; sourceTree = "<group>"; };
		3D03AA282381468C007F8BBD /* Response.swift */ = {isa = PBXFileReference; lastKnownFileType = sourcecode.swift; path = Response.swift; sourceTree = "<group>"; };
		3D03AA2A238172DD007F8BBD /* JogsClient.swift */ = {isa = PBXFileReference; lastKnownFileType = sourcecode.swift; path = JogsClient.swift; sourceTree = "<group>"; };
		3D03AA2C23817D7B007F8BBD /* Jog.swift */ = {isa = PBXFileReference; lastKnownFileType = sourcecode.swift; path = Jog.swift; sourceTree = "<group>"; };
		3D03AA2E2381822C007F8BBD /* JogTableViewCell.swift */ = {isa = PBXFileReference; lastKnownFileType = sourcecode.swift; path = JogTableViewCell.swift; sourceTree = "<group>"; };
		3D03AA2F2381822C007F8BBD /* JogTableViewCell.xib */ = {isa = PBXFileReference; lastKnownFileType = file.xib; path = JogTableViewCell.xib; sourceTree = "<group>"; };
		3D03AA3623819932007F8BBD /* EmptyJogsListView.swift */ = {isa = PBXFileReference; lastKnownFileType = sourcecode.swift; path = EmptyJogsListView.swift; sourceTree = "<group>"; };
		3D87CDCB238061E4006980B9 /* CustomNavigationBar.swift */ = {isa = PBXFileReference; lastKnownFileType = sourcecode.swift; path = CustomNavigationBar.swift; sourceTree = "<group>"; };
		3D87CDCD238084FB006980B9 /* CustomButton.swift */ = {isa = PBXFileReference; lastKnownFileType = sourcecode.swift; path = CustomButton.swift; sourceTree = "<group>"; };
		3D87CDCF23808C4C006980B9 /* AuthorizationView.swift */ = {isa = PBXFileReference; lastKnownFileType = sourcecode.swift; path = AuthorizationView.swift; sourceTree = "<group>"; };
		3D90BA1D237DB2E60076EACC /* JogTrackerApp.app */ = {isa = PBXFileReference; explicitFileType = wrapper.application; includeInIndex = 0; path = JogTrackerApp.app; sourceTree = BUILT_PRODUCTS_DIR; };
		3D90BA20237DB2E60076EACC /* AppDelegate.swift */ = {isa = PBXFileReference; lastKnownFileType = sourcecode.swift; path = AppDelegate.swift; sourceTree = "<group>"; };
		3D90BA27237DB2E90076EACC /* Assets.xcassets */ = {isa = PBXFileReference; lastKnownFileType = folder.assetcatalog; path = Assets.xcassets; sourceTree = "<group>"; };
		3D90BA2A237DB2E90076EACC /* Base */ = {isa = PBXFileReference; lastKnownFileType = file.storyboard; name = Base; path = Base.lproj/LaunchScreen.storyboard; sourceTree = "<group>"; };
		3D90BA2C237DB2E90076EACC /* Info.plist */ = {isa = PBXFileReference; lastKnownFileType = text.plist.xml; path = Info.plist; sourceTree = "<group>"; };
		3D90BA33237DB5B60076EACC /* UIFont+Extensions.swift */ = {isa = PBXFileReference; fileEncoding = 4; lastKnownFileType = sourcecode.swift; path = "UIFont+Extensions.swift"; sourceTree = "<group>"; };
		3D90BA34237DB5B60076EACC /* UIColor+Extensions.swift */ = {isa = PBXFileReference; fileEncoding = 4; lastKnownFileType = sourcecode.swift; path = "UIColor+Extensions.swift"; sourceTree = "<group>"; };
		3D90BA35237DB5B60076EACC /* Encodable+Extensions.swift */ = {isa = PBXFileReference; fileEncoding = 4; lastKnownFileType = sourcecode.swift; path = "Encodable+Extensions.swift"; sourceTree = "<group>"; };
		3D90BA36237DB5B60076EACC /* UITableViewCell+Extension.swift */ = {isa = PBXFileReference; fileEncoding = 4; lastKnownFileType = sourcecode.swift; path = "UITableViewCell+Extension.swift"; sourceTree = "<group>"; };
		3D90BA37237DB5B60076EACC /* DeviceType.swift */ = {isa = PBXFileReference; fileEncoding = 4; lastKnownFileType = sourcecode.swift; path = DeviceType.swift; sourceTree = "<group>"; };
		3D90BA38237DB5B60076EACC /* KeyboardListener.swift */ = {isa = PBXFileReference; fileEncoding = 4; lastKnownFileType = sourcecode.swift; path = KeyboardListener.swift; sourceTree = "<group>"; };
		3D90BA49237DB6280076EACC /* UserAccountManager.swift */ = {isa = PBXFileReference; fileEncoding = 4; lastKnownFileType = sourcecode.swift; path = UserAccountManager.swift; sourceTree = "<group>"; };
		3D90BA4E237DB6320076EACC /* JogsApi.swift */ = {isa = PBXFileReference; fileEncoding = 4; lastKnownFileType = sourcecode.swift; path = JogsApi.swift; sourceTree = "<group>"; };
		3D90BA4F237DB6320076EACC /* JogsBaseApi.swift */ = {isa = PBXFileReference; fileEncoding = 4; lastKnownFileType = sourcecode.swift; path = JogsBaseApi.swift; sourceTree = "<group>"; };
		3D90BA51237DB6320076EACC /* NetworkClient.swift */ = {isa = PBXFileReference; fileEncoding = 4; lastKnownFileType = sourcecode.swift; path = NetworkClient.swift; sourceTree = "<group>"; };
		3D90BA52237DB6320076EACC /* AuthorizationClient.swift */ = {isa = PBXFileReference; fileEncoding = 4; lastKnownFileType = sourcecode.swift; path = AuthorizationClient.swift; sourceTree = "<group>"; };
		3D90BA53237DB6320076EACC /* NetworkClientsFactory.swift */ = {isa = PBXFileReference; fileEncoding = 4; lastKnownFileType = sourcecode.swift; path = NetworkClientsFactory.swift; sourceTree = "<group>"; };
		3D90BA5B237DB6400076EACC /* JogsViewModel.swift */ = {isa = PBXFileReference; fileEncoding = 4; lastKnownFileType = sourcecode.swift; path = JogsViewModel.swift; sourceTree = "<group>"; };
		3D90BA70237DCCF80076EACC /* UserResponse.swift */ = {isa = PBXFileReference; fileEncoding = 4; lastKnownFileType = sourcecode.swift; path = UserResponse.swift; sourceTree = "<group>"; };
		3D90BA72237DDA140076EACC /* MainViewController.swift */ = {isa = PBXFileReference; fileEncoding = 4; lastKnownFileType = sourcecode.swift; path = MainViewController.swift; sourceTree = "<group>"; };
		3D90BA78237DEECB0076EACC /* MenuViewController.swift */ = {isa = PBXFileReference; lastKnownFileType = sourcecode.swift; path = MenuViewController.swift; sourceTree = "<group>"; };
		3D90BA7E237F2AE60076EACC /* MenuTableViewCell.swift */ = {isa = PBXFileReference; lastKnownFileType = sourcecode.swift; path = MenuTableViewCell.swift; sourceTree = "<group>"; };
		3D90BA7F237F2AE60076EACC /* MenuTableViewCell.xib */ = {isa = PBXFileReference; lastKnownFileType = file.xib; path = MenuTableViewCell.xib; sourceTree = "<group>"; };
		3D90BA8F237F41B90076EACC /* JogsViewController.swift */ = {isa = PBXFileReference; lastKnownFileType = sourcecode.swift; path = JogsViewController.swift; sourceTree = "<group>"; };
		3D90BA91237F46B70076EACC /* UIViewController+Extensions.swift */ = {isa = PBXFileReference; lastKnownFileType = sourcecode.swift; path = "UIViewController+Extensions.swift"; sourceTree = "<group>"; };
		3D90BA93237F4B580076EACC /* InfoViewController.swift */ = {isa = PBXFileReference; lastKnownFileType = sourcecode.swift; path = InfoViewController.swift; sourceTree = "<group>"; };
		7328C1DDDADA1FB1D9404443 /* Pods-JogTrackerApp.debug.xcconfig */ = {isa = PBXFileReference; includeInIndex = 1; lastKnownFileType = text.xcconfig; name = "Pods-JogTrackerApp.debug.xcconfig"; path = "Target Support Files/Pods-JogTrackerApp/Pods-JogTrackerApp.debug.xcconfig"; sourceTree = "<group>"; };
		94E34A3860D0D48287058839 /* Pods_JogTrackerApp.framework */ = {isa = PBXFileReference; explicitFileType = wrapper.framework; includeInIndex = 0; path = Pods_JogTrackerApp.framework; sourceTree = BUILT_PRODUCTS_DIR; };
/* End PBXFileReference section */

/* Begin PBXFrameworksBuildPhase section */
		3D90BA1A237DB2E60076EACC /* Frameworks */ = {
			isa = PBXFrameworksBuildPhase;
			buildActionMask = 2147483647;
			files = (
				2C69367453A6E23F7F1E2482 /* Pods_JogTrackerApp.framework in Frameworks */,
			);
			runOnlyForDeploymentPostprocessing = 0;
		};
/* End PBXFrameworksBuildPhase section */

/* Begin PBXGroup section */
		3D90BA14237DB2E60076EACC = {
			isa = PBXGroup;
			children = (
				3D90BA1F237DB2E60076EACC /* JogTrackerApp */,
				3D90BA1E237DB2E60076EACC /* Products */,
				F577311D21528C3EE7E40E3A /* Pods */,
				76F9DA1C1E1F1729ED24EDE4 /* Frameworks */,
			);
			sourceTree = "<group>";
		};
		3D90BA1E237DB2E60076EACC /* Products */ = {
			isa = PBXGroup;
			children = (
				3D90BA1D237DB2E60076EACC /* JogTrackerApp.app */,
			);
			name = Products;
			sourceTree = "<group>";
		};
		3D90BA1F237DB2E60076EACC /* JogTrackerApp */ = {
			isa = PBXGroup;
			children = (
				3D90BA4C237DB6320076EACC /* Networking */,
				3D90BA47237DB6280076EACC /* Manager */,
				3D90BA40237DB6140076EACC /* Model */,
				3D90BA59237DB6400076EACC /* Presentation */,
				3D90BA32237DB5B60076EACC /* Extension */,
				3D90BA29237DB2E90076EACC /* LaunchScreen.storyboard */,
				3D90BA20237DB2E60076EACC /* AppDelegate.swift */,
				3D90BA27237DB2E90076EACC /* Assets.xcassets */,
				3D90BA2C237DB2E90076EACC /* Info.plist */,
			);
			path = JogTrackerApp;
			sourceTree = "<group>";
		};
		3D90BA32237DB5B60076EACC /* Extension */ = {
			isa = PBXGroup;
			children = (
				3D90BA33237DB5B60076EACC /* UIFont+Extensions.swift */,
				3D90BA34237DB5B60076EACC /* UIColor+Extensions.swift */,
				3D90BA35237DB5B60076EACC /* Encodable+Extensions.swift */,
				3D90BA36237DB5B60076EACC /* UITableViewCell+Extension.swift */,
				3D90BA91237F46B70076EACC /* UIViewController+Extensions.swift */,
				3D90BA37237DB5B60076EACC /* DeviceType.swift */,
				3D90BA38237DB5B60076EACC /* KeyboardListener.swift */,
			);
			path = Extension;
			sourceTree = "<group>";
		};
		3D90BA40237DB6140076EACC /* Model */ = {
			isa = PBXGroup;
			children = (
				3D90BA70237DCCF80076EACC /* UserResponse.swift */,
				3D03AA282381468C007F8BBD /* Response.swift */,
				3D03AA2C23817D7B007F8BBD /* Jog.swift */,
			);
			path = Model;
			sourceTree = "<group>";
		};
		3D90BA47237DB6280076EACC /* Manager */ = {
			isa = PBXGroup;
			children = (
				3D90BA49237DB6280076EACC /* UserAccountManager.swift */,
			);
			path = Manager;
			sourceTree = "<group>";
		};
		3D90BA4C237DB6320076EACC /* Networking */ = {
			isa = PBXGroup;
			children = (
				3D90BA4D237DB6320076EACC /* Routers */,
				3D90BA50237DB6320076EACC /* Clients */,
			);
			path = Networking;
			sourceTree = "<group>";
		};
		3D90BA4D237DB6320076EACC /* Routers */ = {
			isa = PBXGroup;
			children = (
				3D90BA4E237DB6320076EACC /* JogsApi.swift */,
				3D90BA4F237DB6320076EACC /* JogsBaseApi.swift */,
			);
			path = Routers;
			sourceTree = "<group>";
		};
		3D90BA50237DB6320076EACC /* Clients */ = {
			isa = PBXGroup;
			children = (
				3D90BA51237DB6320076EACC /* NetworkClient.swift */,
				3D90BA53237DB6320076EACC /* NetworkClientsFactory.swift */,
				3D90BA52237DB6320076EACC /* AuthorizationClient.swift */,
				3D03AA2A238172DD007F8BBD /* JogsClient.swift */,
			);
			path = Clients;
			sourceTree = "<group>";
		};
		3D90BA59237DB6400076EACC /* Presentation */ = {
			isa = PBXGroup;
			children = (
				3D90BA6F237DC1A00076EACC /* Layout */,
				3D90BA5A237DB6400076EACC /* ViewModels */,
				3D90BA6E237DC14F0076EACC /* Controllers */,
				3D90BA5C237DB6400076EACC /* Cells */,
			);
			path = Presentation;
			sourceTree = "<group>";
		};
		3D90BA5A237DB6400076EACC /* ViewModels */ = {
			isa = PBXGroup;
			children = (
				3D90BA5B237DB6400076EACC /* JogsViewModel.swift */,
			);
			path = ViewModels;
			sourceTree = "<group>";
		};
		3D90BA5C237DB6400076EACC /* Cells */ = {
			isa = PBXGroup;
			children = (
				3D90BA7E237F2AE60076EACC /* MenuTableViewCell.swift */,
				3D90BA7F237F2AE60076EACC /* MenuTableViewCell.xib */,
				3D03AA2E2381822C007F8BBD /* JogTableViewCell.swift */,
				3D03AA2F2381822C007F8BBD /* JogTableViewCell.xib */,
			);
			path = Cells;
			sourceTree = "<group>";
		};
		3D90BA6E237DC14F0076EACC /* Controllers */ = {
			isa = PBXGroup;
			children = (
				3D90BA72237DDA140076EACC /* MainViewController.swift */,
				3D90BA78237DEECB0076EACC /* MenuViewController.swift */,
				3D90BA8F237F41B90076EACC /* JogsViewController.swift */,
				3D90BA93237F4B580076EACC /* InfoViewController.swift */,
			);
			path = Controllers;
			sourceTree = "<group>";
		};
		3D90BA6F237DC1A00076EACC /* Layout */ = {
			isa = PBXGroup;
			children = (
				3D87CDCB238061E4006980B9 /* CustomNavigationBar.swift */,
				3D87CDCD238084FB006980B9 /* CustomButton.swift */,
				3D87CDCF23808C4C006980B9 /* AuthorizationView.swift */,
				3D03AA3623819932007F8BBD /* EmptyJogsListView.swift */,
			);
			path = Layout;
			sourceTree = "<group>";
		};
		76F9DA1C1E1F1729ED24EDE4 /* Frameworks */ = {
			isa = PBXGroup;
			children = (
				94E34A3860D0D48287058839 /* Pods_JogTrackerApp.framework */,
			);
			name = Frameworks;
			sourceTree = "<group>";
		};
		F577311D21528C3EE7E40E3A /* Pods */ = {
			isa = PBXGroup;
			children = (
				7328C1DDDADA1FB1D9404443 /* Pods-JogTrackerApp.debug.xcconfig */,
				039E885E19A950517DE6A41F /* Pods-JogTrackerApp.release.xcconfig */,
			);
			path = Pods;
			sourceTree = "<group>";
		};
/* End PBXGroup section */

/* Begin PBXNativeTarget section */
		3D90BA1C237DB2E60076EACC /* JogTrackerApp */ = {
			isa = PBXNativeTarget;
			buildConfigurationList = 3D90BA2F237DB2E90076EACC /* Build configuration list for PBXNativeTarget "JogTrackerApp" */;
			buildPhases = (
				CF87989F3D21576A309D0327 /* [CP] Check Pods Manifest.lock */,
				3D90BA19237DB2E60076EACC /* Sources */,
				3D90BA1A237DB2E60076EACC /* Frameworks */,
				3D90BA1B237DB2E60076EACC /* Resources */,
				E8486AF8171D853F53E7D192 /* [CP] Embed Pods Frameworks */,
			);
			buildRules = (
			);
			dependencies = (
			);
			name = JogTrackerApp;
			productName = JogTrackerApp;
			productReference = 3D90BA1D237DB2E60076EACC /* JogTrackerApp.app */;
			productType = "com.apple.product-type.application";
		};
/* End PBXNativeTarget section */

/* Begin PBXProject section */
		3D90BA15237DB2E60076EACC /* Project object */ = {
			isa = PBXProject;
			attributes = {
				LastSwiftUpdateCheck = 1030;
				LastUpgradeCheck = 1030;
				ORGANIZATIONNAME = "Lonely Tree Std";
				TargetAttributes = {
					3D90BA1C237DB2E60076EACC = {
						CreatedOnToolsVersion = 10.3;
					};
				};
			};
			buildConfigurationList = 3D90BA18237DB2E60076EACC /* Build configuration list for PBXProject "JogTrackerApp" */;
			compatibilityVersion = "Xcode 9.3";
			developmentRegion = en;
			hasScannedForEncodings = 0;
			knownRegions = (
				en,
				Base,
			);
			mainGroup = 3D90BA14237DB2E60076EACC;
			productRefGroup = 3D90BA1E237DB2E60076EACC /* Products */;
			projectDirPath = "";
			projectRoot = "";
			targets = (
				3D90BA1C237DB2E60076EACC /* JogTrackerApp */,
			);
		};
/* End PBXProject section */

/* Begin PBXResourcesBuildPhase section */
		3D90BA1B237DB2E60076EACC /* Resources */ = {
			isa = PBXResourcesBuildPhase;
			buildActionMask = 2147483647;
			files = (
				3D03AA312381822C007F8BBD /* JogTableViewCell.xib in Resources */,
				3D90BA81237F2AE60076EACC /* MenuTableViewCell.xib in Resources */,
				3D90BA2B237DB2E90076EACC /* LaunchScreen.storyboard in Resources */,
				3D90BA28237DB2E90076EACC /* Assets.xcassets in Resources */,
			);
			runOnlyForDeploymentPostprocessing = 0;
		};
/* End PBXResourcesBuildPhase section */

/* Begin PBXShellScriptBuildPhase section */
		CF87989F3D21576A309D0327 /* [CP] Check Pods Manifest.lock */ = {
			isa = PBXShellScriptBuildPhase;
			buildActionMask = 2147483647;
			files = (
			);
			inputFileListPaths = (
			);
			inputPaths = (
				"${PODS_PODFILE_DIR_PATH}/Podfile.lock",
				"${PODS_ROOT}/Manifest.lock",
			);
			name = "[CP] Check Pods Manifest.lock";
			outputFileListPaths = (
			);
			outputPaths = (
				"$(DERIVED_FILE_DIR)/Pods-JogTrackerApp-checkManifestLockResult.txt",
			);
			runOnlyForDeploymentPostprocessing = 0;
			shellPath = /bin/sh;
			shellScript = "diff \"${PODS_PODFILE_DIR_PATH}/Podfile.lock\" \"${PODS_ROOT}/Manifest.lock\" > /dev/null\nif [ $? != 0 ] ; then\n    # print error to STDERR\n    echo \"error: The sandbox is not in sync with the Podfile.lock. Run 'pod install' or update your CocoaPods installation.\" >&2\n    exit 1\nfi\n# This output is used by Xcode 'outputs' to avoid re-running this script phase.\necho \"SUCCESS\" > \"${SCRIPT_OUTPUT_FILE_0}\"\n";
			showEnvVarsInLog = 0;
		};
		E8486AF8171D853F53E7D192 /* [CP] Embed Pods Frameworks */ = {
			isa = PBXShellScriptBuildPhase;
			buildActionMask = 2147483647;
			files = (
			);
			inputFileListPaths = (
				"${PODS_ROOT}/Target Support Files/Pods-JogTrackerApp/Pods-JogTrackerApp-frameworks-${CONFIGURATION}-input-files.xcfilelist",
			);
			name = "[CP] Embed Pods Frameworks";
			outputFileListPaths = (
				"${PODS_ROOT}/Target Support Files/Pods-JogTrackerApp/Pods-JogTrackerApp-frameworks-${CONFIGURATION}-output-files.xcfilelist",
			);
			runOnlyForDeploymentPostprocessing = 0;
			shellPath = /bin/sh;
			shellScript = "\"${PODS_ROOT}/Target Support Files/Pods-JogTrackerApp/Pods-JogTrackerApp-frameworks.sh\"\n";
			showEnvVarsInLog = 0;
		};
/* End PBXShellScriptBuildPhase section */

/* Begin PBXSourcesBuildPhase section */
		3D90BA19237DB2E60076EACC /* Sources */ = {
			isa = PBXSourcesBuildPhase;
			buildActionMask = 2147483647;
			files = (
				3D87CDCC238061E4006980B9 /* CustomNavigationBar.swift in Sources */,
				3D90BA62237DB6400076EACC /* JogsViewModel.swift in Sources */,
				3D90BA54237DB6320076EACC /* JogsApi.swift in Sources */,
				3D90BA3E237DB5B60076EACC /* KeyboardListener.swift in Sources */,
				3D03AA302381822C007F8BBD /* JogTableViewCell.swift in Sources */,
				3D90BA55237DB6320076EACC /* JogsBaseApi.swift in Sources */,
				3D03AA292381468C007F8BBD /* Response.swift in Sources */,
				3D90BA4B237DB6280076EACC /* UserAccountManager.swift in Sources */,
				3D90BA3C237DB5B60076EACC /* UITableViewCell+Extension.swift in Sources */,
				3D90BA56237DB6320076EACC /* NetworkClient.swift in Sources */,
				3D03AA3723819932007F8BBD /* EmptyJogsListView.swift in Sources */,
				3D90BA39237DB5B60076EACC /* UIFont+Extensions.swift in Sources */,
				3D90BA57237DB6320076EACC /* AuthorizationClient.swift in Sources */,
				3D90BA58237DB6320076EACC /* NetworkClientsFactory.swift in Sources */,
				3D90BA94237F4B580076EACC /* InfoViewController.swift in Sources */,
				3D03AA2B238172DD007F8BBD /* JogsClient.swift in Sources */,
				3D90BA3D237DB5B60076EACC /* DeviceType.swift in Sources */,
				3D90BA79237DEECB0076EACC /* MenuViewController.swift in Sources */,
				3D87CDD023808C4C006980B9 /* AuthorizationView.swift in Sources */,
				3D90BA92237F46B70076EACC /* UIViewController+Extensions.swift in Sources */,
				3D90BA3B237DB5B60076EACC /* Encodable+Extensions.swift in Sources */,
				3D90BA21237DB2E60076EACC /* AppDelegate.swift in Sources */,
				3D87CDCE238084FB006980B9 /* CustomButton.swift in Sources */,
				3D90BA80237F2AE60076EACC /* MenuTableViewCell.swift in Sources */,
				3D03AA2D23817D7B007F8BBD /* Jog.swift in Sources */,
				3D90BA71237DCCF90076EACC /* UserResponse.swift in Sources */,
				3D90BA90237F41B90076EACC /* JogsViewController.swift in Sources */,
				3D90BA73237DDA140076EACC /* MainViewController.swift in Sources */,
				3D90BA3A237DB5B60076EACC /* UIColor+Extensions.swift in Sources */,
			);
			runOnlyForDeploymentPostprocessing = 0;
		};
/* End PBXSourcesBuildPhase section */

/* Begin PBXVariantGroup section */
		3D90BA29237DB2E90076EACC /* LaunchScreen.storyboard */ = {
			isa = PBXVariantGroup;
			children = (
				3D90BA2A237DB2E90076EACC /* Base */,
			);
			name = LaunchScreen.storyboard;
			sourceTree = "<group>";
		};
/* End PBXVariantGroup section */

/* Begin XCBuildConfiguration section */
		3D90BA2D237DB2E90076EACC /* Debug */ = {
			isa = XCBuildConfiguration;
			buildSettings = {
				ALWAYS_SEARCH_USER_PATHS = NO;
				CLANG_ANALYZER_NONNULL = YES;
				CLANG_ANALYZER_NUMBER_OBJECT_CONVERSION = YES_AGGRESSIVE;
				CLANG_CXX_LANGUAGE_STANDARD = "gnu++14";
				CLANG_CXX_LIBRARY = "libc++";
				CLANG_ENABLE_MODULES = YES;
				CLANG_ENABLE_OBJC_ARC = YES;
				CLANG_ENABLE_OBJC_WEAK = YES;
				CLANG_WARN_BLOCK_CAPTURE_AUTORELEASING = YES;
				CLANG_WARN_BOOL_CONVERSION = YES;
				CLANG_WARN_COMMA = YES;
				CLANG_WARN_CONSTANT_CONVERSION = YES;
				CLANG_WARN_DEPRECATED_OBJC_IMPLEMENTATIONS = YES;
				CLANG_WARN_DIRECT_OBJC_ISA_USAGE = YES_ERROR;
				CLANG_WARN_DOCUMENTATION_COMMENTS = YES;
				CLANG_WARN_EMPTY_BODY = YES;
				CLANG_WARN_ENUM_CONVERSION = YES;
				CLANG_WARN_INFINITE_RECURSION = YES;
				CLANG_WARN_INT_CONVERSION = YES;
				CLANG_WARN_NON_LITERAL_NULL_CONVERSION = YES;
				CLANG_WARN_OBJC_IMPLICIT_RETAIN_SELF = YES;
				CLANG_WARN_OBJC_LITERAL_CONVERSION = YES;
				CLANG_WARN_OBJC_ROOT_CLASS = YES_ERROR;
				CLANG_WARN_RANGE_LOOP_ANALYSIS = YES;
				CLANG_WARN_STRICT_PROTOTYPES = YES;
				CLANG_WARN_SUSPICIOUS_MOVE = YES;
				CLANG_WARN_UNGUARDED_AVAILABILITY = YES_AGGRESSIVE;
				CLANG_WARN_UNREACHABLE_CODE = YES;
				CLANG_WARN__DUPLICATE_METHOD_MATCH = YES;
				CODE_SIGN_IDENTITY = "iPhone Developer";
				COPY_PHASE_STRIP = NO;
				DEBUG_INFORMATION_FORMAT = dwarf;
				ENABLE_STRICT_OBJC_MSGSEND = YES;
				ENABLE_TESTABILITY = YES;
				GCC_C_LANGUAGE_STANDARD = gnu11;
				GCC_DYNAMIC_NO_PIC = NO;
				GCC_NO_COMMON_BLOCKS = YES;
				GCC_OPTIMIZATION_LEVEL = 0;
				GCC_PREPROCESSOR_DEFINITIONS = (
					"DEBUG=1",
					"$(inherited)",
				);
				GCC_WARN_64_TO_32_BIT_CONVERSION = YES;
				GCC_WARN_ABOUT_RETURN_TYPE = YES_ERROR;
				GCC_WARN_UNDECLARED_SELECTOR = YES;
				GCC_WARN_UNINITIALIZED_AUTOS = YES_AGGRESSIVE;
				GCC_WARN_UNUSED_FUNCTION = YES;
				GCC_WARN_UNUSED_VARIABLE = YES;
				IPHONEOS_DEPLOYMENT_TARGET = 12.4;
				MTL_ENABLE_DEBUG_INFO = INCLUDE_SOURCE;
				MTL_FAST_MATH = YES;
				ONLY_ACTIVE_ARCH = YES;
				SDKROOT = iphoneos;
				SWIFT_ACTIVE_COMPILATION_CONDITIONS = DEBUG;
				SWIFT_OPTIMIZATION_LEVEL = "-Onone";
			};
			name = Debug;
		};
		3D90BA2E237DB2E90076EACC /* Release */ = {
			isa = XCBuildConfiguration;
			buildSettings = {
				ALWAYS_SEARCH_USER_PATHS = NO;
				CLANG_ANALYZER_NONNULL = YES;
				CLANG_ANALYZER_NUMBER_OBJECT_CONVERSION = YES_AGGRESSIVE;
				CLANG_CXX_LANGUAGE_STANDARD = "gnu++14";
				CLANG_CXX_LIBRARY = "libc++";
				CLANG_ENABLE_MODULES = YES;
				CLANG_ENABLE_OBJC_ARC = YES;
				CLANG_ENABLE_OBJC_WEAK = YES;
				CLANG_WARN_BLOCK_CAPTURE_AUTORELEASING = YES;
				CLANG_WARN_BOOL_CONVERSION = YES;
				CLANG_WARN_COMMA = YES;
				CLANG_WARN_CONSTANT_CONVERSION = YES;
				CLANG_WARN_DEPRECATED_OBJC_IMPLEMENTATIONS = YES;
				CLANG_WARN_DIRECT_OBJC_ISA_USAGE = YES_ERROR;
				CLANG_WARN_DOCUMENTATION_COMMENTS = YES;
				CLANG_WARN_EMPTY_BODY = YES;
				CLANG_WARN_ENUM_CONVERSION = YES;
				CLANG_WARN_INFINITE_RECURSION = YES;
				CLANG_WARN_INT_CONVERSION = YES;
				CLANG_WARN_NON_LITERAL_NULL_CONVERSION = YES;
				CLANG_WARN_OBJC_IMPLICIT_RETAIN_SELF = YES;
				CLANG_WARN_OBJC_LITERAL_CONVERSION = YES;
				CLANG_WARN_OBJC_ROOT_CLASS = YES_ERROR;
				CLANG_WARN_RANGE_LOOP_ANALYSIS = YES;
				CLANG_WARN_STRICT_PROTOTYPES = YES;
				CLANG_WARN_SUSPICIOUS_MOVE = YES;
				CLANG_WARN_UNGUARDED_AVAILABILITY = YES_AGGRESSIVE;
				CLANG_WARN_UNREACHABLE_CODE = YES;
				CLANG_WARN__DUPLICATE_METHOD_MATCH = YES;
				CODE_SIGN_IDENTITY = "iPhone Developer";
				COPY_PHASE_STRIP = NO;
				DEBUG_INFORMATION_FORMAT = "dwarf-with-dsym";
				ENABLE_NS_ASSERTIONS = NO;
				ENABLE_STRICT_OBJC_MSGSEND = YES;
				GCC_C_LANGUAGE_STANDARD = gnu11;
				GCC_NO_COMMON_BLOCKS = YES;
				GCC_WARN_64_TO_32_BIT_CONVERSION = YES;
				GCC_WARN_ABOUT_RETURN_TYPE = YES_ERROR;
				GCC_WARN_UNDECLARED_SELECTOR = YES;
				GCC_WARN_UNINITIALIZED_AUTOS = YES_AGGRESSIVE;
				GCC_WARN_UNUSED_FUNCTION = YES;
				GCC_WARN_UNUSED_VARIABLE = YES;
				IPHONEOS_DEPLOYMENT_TARGET = 12.4;
				MTL_ENABLE_DEBUG_INFO = NO;
				MTL_FAST_MATH = YES;
				SDKROOT = iphoneos;
				SWIFT_COMPILATION_MODE = wholemodule;
				SWIFT_OPTIMIZATION_LEVEL = "-O";
				VALIDATE_PRODUCT = YES;
			};
			name = Release;
		};
		3D90BA30237DB2E90076EACC /* Debug */ = {
			isa = XCBuildConfiguration;
			baseConfigurationReference = 7328C1DDDADA1FB1D9404443 /* Pods-JogTrackerApp.debug.xcconfig */;
			buildSettings = {
				ASSETCATALOG_COMPILER_APPICON_NAME = AppIcon;
				CODE_SIGN_STYLE = Automatic;
				DEVELOPMENT_TEAM = "";
				INFOPLIST_FILE = JogTrackerApp/Info.plist;
				LD_RUNPATH_SEARCH_PATHS = (
					"$(inherited)",
					"@executable_path/Frameworks",
				);
				PRODUCT_BUNDLE_IDENTIFIER = com.LonelyTreeStd.JogTrackerApp;
				PRODUCT_NAME = "$(TARGET_NAME)";
				SWIFT_VERSION = 5.0;
				TARGETED_DEVICE_FAMILY = 1;
			};
			name = Debug;
		};
		3D90BA31237DB2E90076EACC /* Release */ = {
			isa = XCBuildConfiguration;
			baseConfigurationReference = 039E885E19A950517DE6A41F /* Pods-JogTrackerApp.release.xcconfig */;
			buildSettings = {
				ASSETCATALOG_COMPILER_APPICON_NAME = AppIcon;
				CODE_SIGN_STYLE = Automatic;
				DEVELOPMENT_TEAM = "";
				INFOPLIST_FILE = JogTrackerApp/Info.plist;
				LD_RUNPATH_SEARCH_PATHS = (
					"$(inherited)",
					"@executable_path/Frameworks",
				);
				PRODUCT_BUNDLE_IDENTIFIER = com.LonelyTreeStd.JogTrackerApp;
				PRODUCT_NAME = "$(TARGET_NAME)";
				SWIFT_VERSION = 5.0;
				TARGETED_DEVICE_FAMILY = 1;
			};
			name = Release;
		};
/* End XCBuildConfiguration section */

/* Begin XCConfigurationList section */
		3D90BA18237DB2E60076EACC /* Build configuration list for PBXProject "JogTrackerApp" */ = {
			isa = XCConfigurationList;
			buildConfigurations = (
				3D90BA2D237DB2E90076EACC /* Debug */,
				3D90BA2E237DB2E90076EACC /* Release */,
			);
			defaultConfigurationIsVisible = 0;
			defaultConfigurationName = Release;
		};
		3D90BA2F237DB2E90076EACC /* Build configuration list for PBXNativeTarget "JogTrackerApp" */ = {
			isa = XCConfigurationList;
			buildConfigurations = (
				3D90BA30237DB2E90076EACC /* Debug */,
				3D90BA31237DB2E90076EACC /* Release */,
			);
			defaultConfigurationIsVisible = 0;
			defaultConfigurationName = Release;
		};
/* End XCConfigurationList section */
	};
	rootObject = 3D90BA15237DB2E60076EACC /* Project object */;
}
